{
  "name": "word_jumble",
  "version": "1.0.0",
  "lockfileVersion": 2,
  "requires": true,
  "packages": {
    "": {
      "name": "word_jumble",
      "version": "1.0.0",
      "license": "ISC",
      "dependencies": {
        "enchant": "^0.2.0"
      }
    },
    "node_modules/enchant": {
      "version": "0.2.0",
      "resolved": "https://registry.npmjs.org/enchant/-/enchant-0.2.0.tgz",
      "integrity": "sha1-8K6x/tQSjTKXOEKhGp26QVKdDFw=",
      "dependencies": {
        "lodash": "^3.5.0"
      }
    },
    "node_modules/lodash": {
      "version": "3.10.1",
      "resolved": "https://registry.npmjs.org/lodash/-/lodash-3.10.1.tgz",
      "integrity": "sha1-W/Rejkm6QYnhfUgnid/RW9FAt7Y="
    }
  },
  "dependencies": {
    "enchant": {
      "version": "0.2.0",
      "resolved": "https://registry.npmjs.org/enchant/-/enchant-0.2.0.tgz",
      "integrity": "sha1-8K6x/tQSjTKXOEKhGp26QVKdDFw=",
      "requires": {
        "lodash": "^3.5.0"
      }
    },
    "lodash": {
      "version": "3.10.1",
      "resolved": "https://registry.npmjs.org/lodash/-/lodash-3.10.1.tgz",
      "integrity": "sha1-W/Rejkm6QYnhfUgnid/RW9FAt7Y="
    }
  }
}
